// !$*UTF8*$!
{
	archiveVersion = 1;
	classes = {
	};
	objectVersion = 50;
	objects = {

/* Begin PBXBuildFile section */
		85619FF62346BB6300735F9F /* AppDelegate.swift in Sources */ = {isa = PBXBuildFile; fileRef = 85619FF52346BB6300735F9F /* AppDelegate.swift */; };
		85619FF82346BB6300735F9F /* SceneDelegate.swift in Sources */ = {isa = PBXBuildFile; fileRef = 85619FF72346BB6300735F9F /* SceneDelegate.swift */; };
		85619FFD2346BB6300735F9F /* Main.storyboard in Resources */ = {isa = PBXBuildFile; fileRef = 85619FFB2346BB6300735F9F /* Main.storyboard */; };
		85619FFF2346BB6400735F9F /* Assets.xcassets in Resources */ = {isa = PBXBuildFile; fileRef = 85619FFE2346BB6400735F9F /* Assets.xcassets */; };
		8561A0022346BB6400735F9F /* LaunchScreen.storyboard in Resources */ = {isa = PBXBuildFile; fileRef = 8561A0002346BB6400735F9F /* LaunchScreen.storyboard */; };
		85F10FE52346BE120048EEF8 /* Starship.swift in Sources */ = {isa = PBXBuildFile; fileRef = 85F10FE42346BE120048EEF8 /* Starship.swift */; };
		85F10FE72346C2E00048EEF8 /* StarshipController.swift in Sources */ = {isa = PBXBuildFile; fileRef = 85F10FE62346C2E00048EEF8 /* StarshipController.swift */; };
/* End PBXBuildFile section */

/* Begin PBXFileReference section */
		85619FF22346BB6300735F9F /* StarWarsAPI.app */ = {isa = PBXFileReference; explicitFileType = wrapper.application; includeInIndex = 0; path = StarWarsAPI.app; sourceTree = BUILT_PRODUCTS_DIR; };
		85619FF52346BB6300735F9F /* AppDelegate.swift */ = {isa = PBXFileReference; lastKnownFileType = sourcecode.swift; path = AppDelegate.swift; sourceTree = "<group>"; };
		85619FF72346BB6300735F9F /* SceneDelegate.swift */ = {isa = PBXFileReference; lastKnownFileType = sourcecode.swift; path = SceneDelegate.swift; sourceTree = "<group>"; };
		85619FFC2346BB6300735F9F /* Base */ = {isa = PBXFileReference; lastKnownFileType = file.storyboard; name = Base; path = Base.lproj/Main.storyboard; sourceTree = "<group>"; };
		85619FFE2346BB6400735F9F /* Assets.xcassets */ = {isa = PBXFileReference; lastKnownFileType = folder.assetcatalog; path = Assets.xcassets; sourceTree = "<group>"; };
		8561A0012346BB6400735F9F /* Base */ = {isa = PBXFileReference; lastKnownFileType = file.storyboard; name = Base; path = Base.lproj/LaunchScreen.storyboard; sourceTree = "<group>"; };
		8561A0032346BB6400735F9F /* Info.plist */ = {isa = PBXFileReference; lastKnownFileType = text.plist.xml; path = Info.plist; sourceTree = "<group>"; };
		85F10FE42346BE120048EEF8 /* Starship.swift */ = {isa = PBXFileReference; lastKnownFileType = sourcecode.swift; path = Starship.swift; sourceTree = "<group>"; };
		85F10FE62346C2E00048EEF8 /* StarshipController.swift */ = {isa = PBXFileReference; lastKnownFileType = sourcecode.swift; path = StarshipController.swift; sourceTree = "<group>"; };
/* End PBXFileReference section */

/* Begin PBXFrameworksBuildPhase section */
		85619FEF2346BB6300735F9F /* Frameworks */ = {
			isa = PBXFrameworksBuildPhase;
			buildActionMask = 2147483647;
			files = (
			);
			runOnlyForDeploymentPostprocessing = 0;
		};
/* End PBXFrameworksBuildPhase section */

/* Begin PBXGroup section */
		85619FE92346BB6300735F9F = {
			isa = PBXGroup;
			children = (
				85F10FE12346BBD70048EEF8 /* Controllers */,
				85F10FE02346BBC90048EEF8 /* Model */,
				8561A00A2346BB9D00735F9F /* Views */,
				85619FF42346BB6300735F9F /* StarWarsAPI */,
				85619FF32346BB6300735F9F /* Products */,
			);
			sourceTree = "<group>";
		};
		85619FF32346BB6300735F9F /* Products */ = {
			isa = PBXGroup;
			children = (
				85619FF22346BB6300735F9F /* StarWarsAPI.app */,
			);
			name = Products;
			sourceTree = "<group>";
		};
		85619FF42346BB6300735F9F /* StarWarsAPI */ = {
			isa = PBXGroup;
			children = (
				8561A0092346BB7900735F9F /* Resources */,
			);
			path = StarWarsAPI;
			sourceTree = "<group>";
		};
		8561A0092346BB7900735F9F /* Resources */ = {
			isa = PBXGroup;
			children = (
				85619FF52346BB6300735F9F /* AppDelegate.swift */,
				85619FF72346BB6300735F9F /* SceneDelegate.swift */,
				85619FFE2346BB6400735F9F /* Assets.xcassets */,
				8561A0002346BB6400735F9F /* LaunchScreen.storyboard */,
				8561A0032346BB6400735F9F /* Info.plist */,
			);
			path = Resources;
			sourceTree = "<group>";
		};
		8561A00A2346BB9D00735F9F /* Views */ = {
			isa = PBXGroup;
			children = (
				85619FFB2346BB6300735F9F /* Main.storyboard */,
			);
			path = Views;
			sourceTree = "<group>";
		};
		85F10FE02346BBC90048EEF8 /* Model */ = {
			isa = PBXGroup;
			children = (
				85F10FE42346BE120048EEF8 /* Starship.swift */,
			);
			path = Model;
			sourceTree = "<group>";
		};
		85F10FE12346BBD70048EEF8 /* Controllers */ = {
			isa = PBXGroup;
			children = (
				85F10FE32346BBF10048EEF8 /* View Controller */,
				85F10FE22346BBE90048EEF8 /* Model Controller */,
			);
			path = Controllers;
			sourceTree = "<group>";
		};
		85F10FE22346BBE90048EEF8 /* Model Controller */ = {
			isa = PBXGroup;
			children = (
				85F10FE62346C2E00048EEF8 /* StarshipController.swift */,
			);
			path = "Model Controller";
			sourceTree = "<group>";
		};
		85F10FE32346BBF10048EEF8 /* View Controller */ = {
			isa = PBXGroup;
			children = (
			);
			path = "View Controller";
			sourceTree = "<group>";
		};
/* End PBXGroup section */

/* Begin PBXNativeTarget section */
		85619FF12346BB6300735F9F /* StarWarsAPI */ = {
			isa = PBXNativeTarget;
			buildConfigurationList = 8561A0062346BB6400735F9F /* Build configuration list for PBXNativeTarget "StarWarsAPI" */;
			buildPhases = (
				85619FEE2346BB6300735F9F /* Sources */,
				85619FEF2346BB6300735F9F /* Frameworks */,
				85619FF02346BB6300735F9F /* Resources */,
			);
			buildRules = (
			);
			dependencies = (
			);
			name = StarWarsAPI;
			productName = StarWarsAPI;
			productReference = 85619FF22346BB6300735F9F /* StarWarsAPI.app */;
			productType = "com.apple.product-type.application";
		};
/* End PBXNativeTarget section */

/* Begin PBXProject section */
		85619FEA2346BB6300735F9F /* Project object */ = {
			isa = PBXProject;
			attributes = {
				LastSwiftUpdateCheck = 1100;
				LastUpgradeCheck = 1100;
				ORGANIZATIONNAME = "Zebadiah Watson";
				TargetAttributes = {
					85619FF12346BB6300735F9F = {
						CreatedOnToolsVersion = 11.0;
					};
				};
			};
			buildConfigurationList = 85619FED2346BB6300735F9F /* Build configuration list for PBXProject "StarWarsAPI" */;
			compatibilityVersion = "Xcode 9.3";
			developmentRegion = en;
			hasScannedForEncodings = 0;
			knownRegions = (
				en,
				Base,
			);
			mainGroup = 85619FE92346BB6300735F9F;
			productRefGroup = 85619FF32346BB6300735F9F /* Products */;
			projectDirPath = "";
			projectRoot = "";
			targets = (
				85619FF12346BB6300735F9F /* StarWarsAPI */,
			);
		};
/* End PBXProject section */

/* Begin PBXResourcesBuildPhase section */
		85619FF02346BB6300735F9F /* Resources */ = {
			isa = PBXResourcesBuildPhase;
			buildActionMask = 2147483647;
			files = (
				8561A0022346BB6400735F9F /* LaunchScreen.storyboard in Resources */,
				85619FFF2346BB6400735F9F /* Assets.xcassets in Resources */,
				85619FFD2346BB6300735F9F /* Main.storyboard in Resources */,
			);
			runOnlyForDeploymentPostprocessing = 0;
		};
/* End PBXResourcesBuildPhase section */

/* Begin PBXSourcesBuildPhase section */
		85619FEE2346BB6300735F9F /* Sources */ = {
			isa = PBXSourcesBuildPhase;
			buildActionMask = 2147483647;
			files = (
				85F10FE52346BE120048EEF8 /* Starship.swift in Sources */,
				85F10FE72346C2E00048EEF8 /* StarshipController.swift in Sources */,
				85619FF62346BB6300735F9F /* AppDelegate.swift in Sources */,
				85619FF82346BB6300735F9F /* SceneDelegate.swift in Sources */,
			);
			runOnlyForDeploymentPostprocessing = 0;
		};
/* End PBXSourcesBuildPhase section */

/* Begin PBXVariantGroup section */
		85619FFB2346BB6300735F9F /* Main.storyboard */ = {
			isa = PBXVariantGroup;
			children = (
				85619FFC2346BB6300735F9F /* Base */,
			);
			name = Main.storyboard;
			sourceTree = "<group>";
		};
		8561A0002346BB6400735F9F /* LaunchScreen.storyboard */ = {
			isa = PBXVariantGroup;
			children = (
				8561A0012346BB6400735F9F /* Base */,
			);
			name = LaunchScreen.storyboard;
			sourceTree = "<group>";
		};
/* End PBXVariantGroup section */

/* Begin XCBuildConfiguration section */
		8561A0042346BB6400735F9F /* Debug */ = {
			isa = XCBuildConfiguration;
			buildSettings = {
				ALWAYS_SEARCH_USER_PATHS = NO;
				CLANG_ANALYZER_NONNULL = YES;
				CLANG_ANALYZER_NUMBER_OBJECT_CONVERSION = YES_AGGRESSIVE;
				CLANG_CXX_LANGUAGE_STANDARD = "gnu++14";
				CLANG_CXX_LIBRARY = "libc++";
				CLANG_ENABLE_MODULES = YES;
				CLANG_ENABLE_OBJC_ARC = YES;
				CLANG_ENABLE_OBJC_WEAK = YES;
				CLANG_WARN_BLOCK_CAPTURE_AUTORELEASING = YES;
				CLANG_WARN_BOOL_CONVERSION = YES;
				CLANG_WARN_COMMA = YES;
				CLANG_WARN_CONSTANT_CONVERSION = YES;
				CLANG_WARN_DEPRECATED_OBJC_IMPLEMENTATIONS = YES;
				CLANG_WARN_DIRECT_OBJC_ISA_USAGE = YES_ERROR;
				CLANG_WARN_DOCUMENTATION_COMMENTS = YES;
				CLANG_WARN_EMPTY_BODY = YES;
				CLANG_WARN_ENUM_CONVERSION = YES;
				CLANG_WARN_INFINITE_RECURSION = YES;
				CLANG_WARN_INT_CONVERSION = YES;
				CLANG_WARN_NON_LITERAL_NULL_CONVERSION = YES;
				CLANG_WARN_OBJC_IMPLICIT_RETAIN_SELF = YES;
				CLANG_WARN_OBJC_LITERAL_CONVERSION = YES;
				CLANG_WARN_OBJC_ROOT_CLASS = YES_ERROR;
				CLANG_WARN_RANGE_LOOP_ANALYSIS = YES;
				CLANG_WARN_STRICT_PROTOTYPES = YES;
				CLANG_WARN_SUSPICIOUS_MOVE = YES;
				CLANG_WARN_UNGUARDED_AVAILABILITY = YES_AGGRESSIVE;
				CLANG_WARN_UNREACHABLE_CODE = YES;
				CLANG_WARN__DUPLICATE_METHOD_MATCH = YES;
				COPY_PHASE_STRIP = NO;
				DEBUG_INFORMATION_FORMAT = dwarf;
				ENABLE_STRICT_OBJC_MSGSEND = YES;
				ENABLE_TESTABILITY = YES;
				GCC_C_LANGUAGE_STANDARD = gnu11;
				GCC_DYNAMIC_NO_PIC = NO;
				GCC_NO_COMMON_BLOCKS = YES;
				GCC_OPTIMIZATION_LEVEL = 0;
				GCC_PREPROCESSOR_DEFINITIONS = (
					"DEBUG=1",
					"$(inherited)",
				);
				GCC_WARN_64_TO_32_BIT_CONVERSION = YES;
				GCC_WARN_ABOUT_RETURN_TYPE = YES_ERROR;
				GCC_WARN_UNDECLARED_SELECTOR = YES;
				GCC_WARN_UNINITIALIZED_AUTOS = YES_AGGRESSIVE;
				GCC_WARN_UNUSED_FUNCTION = YES;
				GCC_WARN_UNUSED_VARIABLE = YES;
				IPHONEOS_DEPLOYMENT_TARGET = 13.0;
				MTL_ENABLE_DEBUG_INFO = INCLUDE_SOURCE;
				MTL_FAST_MATH = YES;
				ONLY_ACTIVE_ARCH = YES;
				SDKROOT = iphoneos;
				SWIFT_ACTIVE_COMPILATION_CONDITIONS = DEBUG;
				SWIFT_OPTIMIZATION_LEVEL = "-Onone";
			};
			name = Debug;
		};
		8561A0052346BB6400735F9F /* Release */ = {
			isa = XCBuildConfiguration;
			buildSettings = {
				ALWAYS_SEARCH_USER_PATHS = NO;
				CLANG_ANALYZER_NONNULL = YES;
				CLANG_ANALYZER_NUMBER_OBJECT_CONVERSION = YES_AGGRESSIVE;
				CLANG_CXX_LANGUAGE_STANDARD = "gnu++14";
				CLANG_CXX_LIBRARY = "libc++";
				CLANG_ENABLE_MODULES = YES;
				CLANG_ENABLE_OBJC_ARC = YES;
				CLANG_ENABLE_OBJC_WEAK = YES;
				CLANG_WARN_BLOCK_CAPTURE_AUTORELEASING = YES;
				CLANG_WARN_BOOL_CONVERSION = YES;
				CLANG_WARN_COMMA = YES;
				CLANG_WARN_CONSTANT_CONVERSION = YES;
				CLANG_WARN_DEPRECATED_OBJC_IMPLEMENTATIONS = YES;
				CLANG_WARN_DIRECT_OBJC_ISA_USAGE = YES_ERROR;
				CLANG_WARN_DOCUMENTATION_COMMENTS = YES;
				CLANG_WARN_EMPTY_BODY = YES;
				CLANG_WARN_ENUM_CONVERSION = YES;
				CLANG_WARN_INFINITE_RECURSION = YES;
				CLANG_WARN_INT_CONVERSION = YES;
				CLANG_WARN_NON_LITERAL_NULL_CONVERSION = YES;
				CLANG_WARN_OBJC_IMPLICIT_RETAIN_SELF = YES;
				CLANG_WARN_OBJC_LITERAL_CONVERSION = YES;
				CLANG_WARN_OBJC_ROOT_CLASS = YES_ERROR;
				CLANG_WARN_RANGE_LOOP_ANALYSIS = YES;
				CLANG_WARN_STRICT_PROTOTYPES = YES;
				CLANG_WARN_SUSPICIOUS_MOVE = YES;
				CLANG_WARN_UNGUARDED_AVAILABILITY = YES_AGGRESSIVE;
				CLANG_WARN_UNREACHABLE_CODE = YES;
				CLANG_WARN__DUPLICATE_METHOD_MATCH = YES;
				COPY_PHASE_STRIP = NO;
				DEBUG_INFORMATION_FORMAT = "dwarf-with-dsym";
				ENABLE_NS_ASSERTIONS = NO;
				ENABLE_STRICT_OBJC_MSGSEND = YES;
				GCC_C_LANGUAGE_STANDARD = gnu11;
				GCC_NO_COMMON_BLOCKS = YES;
				GCC_WARN_64_TO_32_BIT_CONVERSION = YES;
				GCC_WARN_ABOUT_RETURN_TYPE = YES_ERROR;
				GCC_WARN_UNDECLARED_SELECTOR = YES;
				GCC_WARN_UNINITIALIZED_AUTOS = YES_AGGRESSIVE;
				GCC_WARN_UNUSED_FUNCTION = YES;
				GCC_WARN_UNUSED_VARIABLE = YES;
				IPHONEOS_DEPLOYMENT_TARGET = 13.0;
				MTL_ENABLE_DEBUG_INFO = NO;
				MTL_FAST_MATH = YES;
				SDKROOT = iphoneos;
				SWIFT_COMPILATION_MODE = wholemodule;
				SWIFT_OPTIMIZATION_LEVEL = "-O";
				VALIDATE_PRODUCT = YES;
			};
			name = Release;
		};
		8561A0072346BB6400735F9F /* Debug */ = {
			isa = XCBuildConfiguration;
			buildSettings = {
				ASSETCATALOG_COMPILER_APPICON_NAME = AppIcon;
				CODE_SIGN_STYLE = Automatic;
				DEVELOPMENT_TEAM = GQHR9QPNK6;
				INFOPLIST_FILE = "$(SRCROOT)/StarWarsAPI/Resources/Info.plist";
				LD_RUNPATH_SEARCH_PATHS = (
					"$(inherited)",
					"@executable_path/Frameworks",
				);
				PRODUCT_BUNDLE_IDENTIFIER = me.StarWarsAPI;
				PRODUCT_NAME = "$(TARGET_NAME)";
				SWIFT_VERSION = 5.0;
				TARGETED_DEVICE_FAMILY = "1,2";
			};
			name = Debug;
		};
		8561A0082346BB6400735F9F /* Release */ = {
			isa = XCBuildConfiguration;
			buildSettings = {
				ASSETCATALOG_COMPILER_APPICON_NAME = AppIcon;
				CODE_SIGN_STYLE = Automatic;
				DEVELOPMENT_TEAM = GQHR9QPNK6;
				INFOPLIST_FILE = "$(SRCROOT)/StarWarsAPI/Resources/Info.plist";
				LD_RUNPATH_SEARCH_PATHS = (
					"$(inherited)",
					"@executable_path/Frameworks",
				);
				PRODUCT_BUNDLE_IDENTIFIER = me.StarWarsAPI;
				PRODUCT_NAME = "$(TARGET_NAME)";
				SWIFT_VERSION = 5.0;
				TARGETED_DEVICE_FAMILY = "1,2";
			};
			name = Release;
		};
/* End XCBuildConfiguration section */

/* Begin XCConfigurationList section */
		85619FED2346BB6300735F9F /* Build configuration list for PBXProject "StarWarsAPI" */ = {
			isa = XCConfigurationList;
			buildConfigurations = (
				8561A0042346BB6400735F9F /* Debug */,
				8561A0052346BB6400735F9F /* Release */,
			);
			defaultConfigurationIsVisible = 0;
			defaultConfigurationName = Release;
		};
		8561A0062346BB6400735F9F /* Build configuration list for PBXNativeTarget "StarWarsAPI" */ = {
			isa = XCConfigurationList;
			buildConfigurations = (
				8561A0072346BB6400735F9F /* Debug */,
				8561A0082346BB6400735F9F /* Release */,
			);
			defaultConfigurationIsVisible = 0;
			defaultConfigurationName = Release;
		};
/* End XCConfigurationList section */
	};
	rootObject = 85619FEA2346BB6300735F9F /* Project object */;
}
